
Microsoft Visual Studio Solution File, Format Version 12.00
# Visual Studio Version 16
VisualStudioVersion = 16.0.31025.194
MinimumVisualStudioVersion = 10.0.40219.1
Project("{9A19103F-16F7-4668-BE54-9A1E7A4F7556}") = "task_1", "task_1\task_1.csproj", "{A3F9DCB8-6E1E-4958-B678-8D761343BC8B}"
EndProject
Project("{9A19103F-16F7-4668-BE54-9A1E7A4F7556}") = "task_2", "task_2\task_2.csproj", "{D2B1334F-9FA1-4D43-9D9E-4BFCC1A6FC69}"
EndProject
Project("{9A19103F-16F7-4668-BE54-9A1E7A4F7556}") = "task_3", "task_3\task_3.csproj", "{AB0976B6-0503-4DD9-801D-7D4A04E204EB}"
EndProject
Project("{FAE04EC0-301F-11D3-BF4B-00C04F79EFBC}") = "task_4", "task_4\task_4.csproj", "{DF5E372C-8B82-463A-BE23-65EB0A5779A6}"
EndProject
Global
	GlobalSection(SolutionConfigurationPlatforms) = preSolution
		Debug|Any CPU = Debug|Any CPU
		Release|Any CPU = Release|Any CPU
	EndGlobalSection
	GlobalSection(ProjectConfigurationPlatforms) = postSolution
		{A3F9DCB8-6E1E-4958-B678-8D761343BC8B}.Debug|Any CPU.ActiveCfg = Debug|Any CPU
		{A3F9DCB8-6E1E-4958-B678-8D761343BC8B}.Debug|Any CPU.Build.0 = Debug|Any CPU
		{A3F9DCB8-6E1E-4958-B678-8D761343BC8B}.Release|Any CPU.ActiveCfg = Release|Any CPU
		{A3F9DCB8-6E1E-4958-B678-8D761343BC8B}.Release|Any CPU.Build.0 = Release|Any CPU
		{D2B1334F-9FA1-4D43-9D9E-4BFCC1A6FC69}.Debug|Any CPU.ActiveCfg = Debug|Any CPU
		{D2B1334F-9FA1-4D43-9D9E-4BFCC1A6FC69}.Debug|Any CPU.Build.0 = Debug|Any CPU
		{D2B1334F-9FA1-4D43-9D9E-4BFCC1A6FC69}.Release|Any CPU.ActiveCfg = Release|Any CPU
		{D2B1334F-9FA1-4D43-9D9E-4BFCC1A6FC69}.Release|Any CPU.Build.0 = Release|Any CPU
		{AB0976B6-0503-4DD9-801D-7D4A04E204EB}.Debug|Any CPU.ActiveCfg = Debug|Any CPU
		{AB0976B6-0503-4DD9-801D-7D4A04E204EB}.Debug|Any CPU.Build.0 = Debug|Any CPU
		{AB0976B6-0503-4DD9-801D-7D4A04E204EB}.Release|Any CPU.ActiveCfg = Release|Any CPU
		{AB0976B6-0503-4DD9-801D-7D4A04E204EB}.Release|Any CPU.Build.0 = Release|Any CPU
		{DF5E372C-8B82-463A-BE23-65EB0A5779A6}.Debug|Any CPU.ActiveCfg = Debug|Any CPU
		{DF5E372C-8B82-463A-BE23-65EB0A5779A6}.Debug|Any CPU.Build.0 = Debug|Any CPU
		{DF5E372C-8B82-463A-BE23-65EB0A5779A6}.Release|Any CPU.ActiveCfg = Release|Any CPU
		{DF5E372C-8B82-463A-BE23-65EB0A5779A6}.Release|Any CPU.Build.0 = Release|Any CPU
	EndGlobalSection
	GlobalSection(SolutionProperties) = preSolution
		HideSolutionNode = FALSE
	EndGlobalSection
	GlobalSection(ExtensibilityGlobals) = postSolution
		SolutionGuid = {2BFB31F4-455C-46A7-BC4C-3C29E155D6A4}
	EndGlobalSection
EndGlobal
